
Microsoft Visual Studio Solution File, Format Version 12.00
# Visual Studio Version 16
VisualStudioVersion = 16.0.30611.23
MinimumVisualStudioVersion = 10.0.40219.1
Project("{FAE04EC0-301F-11D3-BF4B-00C04F79EFBC}") = "Cw1", "Cw1\Cw1.csproj", "{F491BCA2-43C1-4A5B-AEEC-3D2A07189A46}"
EndProject
Global
	GlobalSection(SolutionConfigurationPlatforms) = preSolution
		Debug|Any CPU = Debug|Any CPU
		Release|Any CPU = Release|Any CPU
	EndGlobalSection
	GlobalSection(ProjectConfigurationPlatforms) = postSolution
		{F491BCA2-43C1-4A5B-AEEC-3D2A07189A46}.Debug|Any CPU.ActiveCfg = Debug|Any CPU
		{F491BCA2-43C1-4A5B-AEEC-3D2A07189A46}.Debug|Any CPU.Build.0 = Debug|Any CPU
		{F491BCA2-43C1-4A5B-AEEC-3D2A07189A46}.Release|Any CPU.ActiveCfg = Release|Any CPU
		{F491BCA2-43C1-4A5B-AEEC-3D2A07189A46}.Release|Any CPU.Build.0 = Release|Any CPU
	EndGlobalSection
	GlobalSection(SolutionProperties) = preSolution
		HideSolutionNode = FALSE
	EndGlobalSection
	GlobalSection(ExtensibilityGlobals) = postSolution
		SolutionGuid = {C5EED17D-E210-4339-97FF-8BC1265B4E04}
	EndGlobalSection
EndGlobal
